
Microsoft Visual Studio Solution File, Format Version 12.00
# Visual Studio 2012
Project("{8BC9CEB8-8B4A-11D0-8D11-00A0C91BC942}") = "test61", "test61\test61.vcxproj", "{63697E0E-A801-47CB-BD58-97AF034E5486}"
EndProject
Global
	GlobalSection(SolutionConfigurationPlatforms) = preSolution
		Debug|Win32 = Debug|Win32
		Release|Win32 = Release|Win32
	EndGlobalSection
	GlobalSection(ProjectConfigurationPlatforms) = postSolution
		{63697E0E-A801-47CB-BD58-97AF034E5486}.Debug|Win32.ActiveCfg = Debug|Win32
		{63697E0E-A801-47CB-BD58-97AF034E5486}.Debug|Win32.Build.0 = Debug|Win32
		{63697E0E-A801-47CB-BD58-97AF034E5486}.Release|Win32.ActiveCfg = Release|Win32
		{63697E0E-A801-47CB-BD58-97AF034E5486}.Release|Win32.Build.0 = Release|Win32
	EndGlobalSection
	GlobalSection(SolutionProperties) = preSolution
		HideSolutionNode = FALSE
	EndGlobalSection
EndGlobal
